
Microsoft Visual Studio Solution File, Format Version 12.00
# Visual Studio 15
VisualStudioVersion = 15.0.28307.779
MinimumVisualStudioVersion = 10.0.40219.1
Project("{9A19103F-16F7-4668-BE54-9A1E7A4F7556}") = "E-MSBuild", "E-MSBuild\E-MSBuild.csproj", "{E51D1EA3-F4A7-4F27-A941-E16D2B88D08A}"
EndProject
Project("{9A19103F-16F7-4668-BE54-9A1E7A4F7556}") = "E-MSBuildTest", "E-MSBuildTest\E-MSBuildTest.csproj", "{CF0425EE-79D7-40BB-A2C4-9640110E4D1A}"
EndProject
Global
	GlobalSection(SolutionConfigurationPlatforms) = preSolution
		DBG_SDK10|Any CPU = DBG_SDK10|Any CPU
		DBG_SDK15|Any CPU = DBG_SDK15|Any CPU
		DCI_SDK10|Any CPU = DCI_SDK10|Any CPU
		DCI_SDK15|Any CPU = DCI_SDK15|Any CPU
		RCI_SDK10|Any CPU = RCI_SDK10|Any CPU
		RCI_SDK15|Any CPU = RCI_SDK15|Any CPU
		REL_SDK10|Any CPU = REL_SDK10|Any CPU
		REL_SDK15|Any CPU = REL_SDK15|Any CPU
	EndGlobalSection
	GlobalSection(ProjectConfigurationPlatforms) = postSolution
		{E51D1EA3-F4A7-4F27-A941-E16D2B88D08A}.DBG_SDK10|Any CPU.ActiveCfg = DBG_SDK10|Any CPU
		{E51D1EA3-F4A7-4F27-A941-E16D2B88D08A}.DBG_SDK10|Any CPU.Build.0 = DBG_SDK10|Any CPU
		{E51D1EA3-F4A7-4F27-A941-E16D2B88D08A}.DBG_SDK15|Any CPU.ActiveCfg = DBG_SDK15|Any CPU
		{E51D1EA3-F4A7-4F27-A941-E16D2B88D08A}.DBG_SDK15|Any CPU.Build.0 = DBG_SDK15|Any CPU
		{E51D1EA3-F4A7-4F27-A941-E16D2B88D08A}.DCI_SDK10|Any CPU.ActiveCfg = DCI_SDK10|Any CPU
		{E51D1EA3-F4A7-4F27-A941-E16D2B88D08A}.DCI_SDK10|Any CPU.Build.0 = DCI_SDK10|Any CPU
		{E51D1EA3-F4A7-4F27-A941-E16D2B88D08A}.DCI_SDK15|Any CPU.ActiveCfg = DCI_SDK15|Any CPU
		{E51D1EA3-F4A7-4F27-A941-E16D2B88D08A}.DCI_SDK15|Any CPU.Build.0 = DCI_SDK15|Any CPU
		{E51D1EA3-F4A7-4F27-A941-E16D2B88D08A}.RCI_SDK10|Any CPU.ActiveCfg = RCI_SDK10|Any CPU
		{E51D1EA3-F4A7-4F27-A941-E16D2B88D08A}.RCI_SDK10|Any CPU.Build.0 = RCI_SDK10|Any CPU
		{E51D1EA3-F4A7-4F27-A941-E16D2B88D08A}.RCI_SDK15|Any CPU.ActiveCfg = RCI_SDK15|Any CPU
		{E51D1EA3-F4A7-4F27-A941-E16D2B88D08A}.RCI_SDK15|Any CPU.Build.0 = RCI_SDK15|Any CPU
		{E51D1EA3-F4A7-4F27-A941-E16D2B88D08A}.REL_SDK10|Any CPU.ActiveCfg = REL_SDK10|Any CPU
		{E51D1EA3-F4A7-4F27-A941-E16D2B88D08A}.REL_SDK10|Any CPU.Build.0 = REL_SDK10|Any CPU
		{E51D1EA3-F4A7-4F27-A941-E16D2B88D08A}.REL_SDK15|Any CPU.ActiveCfg = REL_SDK15|Any CPU
		{E51D1EA3-F4A7-4F27-A941-E16D2B88D08A}.REL_SDK15|Any CPU.Build.0 = REL_SDK15|Any CPU
		{CF0425EE-79D7-40BB-A2C4-9640110E4D1A}.DBG_SDK10|Any CPU.ActiveCfg = DBG_SDK10|Any CPU
		{CF0425EE-79D7-40BB-A2C4-9640110E4D1A}.DBG_SDK10|Any CPU.Build.0 = DBG_SDK10|Any CPU
		{CF0425EE-79D7-40BB-A2C4-9640110E4D1A}.DBG_SDK15|Any CPU.ActiveCfg = DBG_SDK15|Any CPU
		{CF0425EE-79D7-40BB-A2C4-9640110E4D1A}.DBG_SDK15|Any CPU.Build.0 = DBG_SDK15|Any CPU
		{CF0425EE-79D7-40BB-A2C4-9640110E4D1A}.DCI_SDK10|Any CPU.ActiveCfg = DCI_SDK10|Any CPU
		{CF0425EE-79D7-40BB-A2C4-9640110E4D1A}.DCI_SDK10|Any CPU.Build.0 = DCI_SDK10|Any CPU
		{CF0425EE-79D7-40BB-A2C4-9640110E4D1A}.DCI_SDK15|Any CPU.ActiveCfg = DCI_SDK15|Any CPU
		{CF0425EE-79D7-40BB-A2C4-9640110E4D1A}.DCI_SDK15|Any CPU.Build.0 = DCI_SDK15|Any CPU
		{CF0425EE-79D7-40BB-A2C4-9640110E4D1A}.RCI_SDK10|Any CPU.ActiveCfg = RCI_SDK10|Any CPU
		{CF0425EE-79D7-40BB-A2C4-9640110E4D1A}.RCI_SDK10|Any CPU.Build.0 = RCI_SDK10|Any CPU
		{CF0425EE-79D7-40BB-A2C4-9640110E4D1A}.RCI_SDK15|Any CPU.ActiveCfg = RCI_SDK15|Any CPU
		{CF0425EE-79D7-40BB-A2C4-9640110E4D1A}.RCI_SDK15|Any CPU.Build.0 = RCI_SDK15|Any CPU
		{CF0425EE-79D7-40BB-A2C4-9640110E4D1A}.REL_SDK10|Any CPU.ActiveCfg = REL_SDK10|Any CPU
		{CF0425EE-79D7-40BB-A2C4-9640110E4D1A}.REL_SDK10|Any CPU.Build.0 = REL_SDK10|Any CPU
		{CF0425EE-79D7-40BB-A2C4-9640110E4D1A}.REL_SDK15|Any CPU.ActiveCfg = REL_SDK15|Any CPU
		{CF0425EE-79D7-40BB-A2C4-9640110E4D1A}.REL_SDK15|Any CPU.Build.0 = REL_SDK15|Any CPU
	EndGlobalSection
	GlobalSection(SolutionProperties) = preSolution
		HideSolutionNode = FALSE
	EndGlobalSection
	GlobalSection(ExtensibilityGlobals) = postSolution
		SolutionGuid = {4AEC4492-B8B5-48B7-B355-E4C6BD133459}
	EndGlobalSection
EndGlobal
