
Microsoft Visual Studio Solution File, Format Version 12.00
# Visual Studio Version 16
VisualStudioVersion = 16.0.30204.135
MinimumVisualStudioVersion = 10.0.40219.1
Project("{9A19103F-16F7-4668-BE54-9A1E7A4F7556}") = "E-MSBuild", "E-MSBuild\E-MSBuild.csproj", "{E51D1EA3-F4A7-4F27-A941-E16D2B88D08A}"
EndProject
Project("{9A19103F-16F7-4668-BE54-9A1E7A4F7556}") = "E-MSBuildTest", "E-MSBuildTest\E-MSBuildTest.csproj", "{CF0425EE-79D7-40BB-A2C4-9640110E4D1A}"
EndProject
Project("{2150E333-8FDC-42A3-9474-1A3956D46DE8}") = "root", "root", "{C6BC75D7-6F3A-4483-A701-D94BDDA9D6DB}"
	ProjectSection(SolutionItems) = preProject
		License.txt = License.txt
		Readme.md = Readme.md
	EndProjectSection
EndProject
Project("{9A19103F-16F7-4668-BE54-9A1E7A4F7556}") = "Varhead", "inc\modules\Varhead\Varhead.csproj", "{4670B9B4-1BA9-4CB2-BBFC-EC4EBEB40A42}"
EndProject
Project("{9A19103F-16F7-4668-BE54-9A1E7A4F7556}") = "VarheadTest", "inc\tests\VarheadTest\VarheadTest.csproj", "{BDDB36ED-D15F-444F-86DA-C0CBC4E18237}"
EndProject
Project("{9A19103F-16F7-4668-BE54-9A1E7A4F7556}") = "LSender", "inc\modules\LSender\LSender.csproj", "{287D8F67-DD08-423F-AA60-C48D84140612}"
EndProject
Project("{9A19103F-16F7-4668-BE54-9A1E7A4F7556}") = "LSenderTest", "inc\tests\LSenderTest\LSenderTest.csproj", "{28C85A73-60C8-457D-8893-E683A0DC7E09}"
EndProject
Project("{2150E333-8FDC-42A3-9474-1A3956D46DE8}") = "tools", "tools", "{EDC59B62-B943-4C20-A2F2-AD08B65D24D9}"
	ProjectSection(SolutionItems) = preProject
		tools\gnt.bat = tools\gnt.bat
		tools\hMSBuild.bat = tools\hMSBuild.bat
	EndProjectSection
EndProject
Global
	GlobalSection(SolutionConfigurationPlatforms) = preSolution
		Debug|Any CPU = Debug|Any CPU
		PublicRelease|Any CPU = PublicRelease|Any CPU
		Release|Any CPU = Release|Any CPU
	EndGlobalSection
	GlobalSection(ProjectConfigurationPlatforms) = postSolution
		{E51D1EA3-F4A7-4F27-A941-E16D2B88D08A}.Debug|Any CPU.ActiveCfg = Debug|Any CPU
		{E51D1EA3-F4A7-4F27-A941-E16D2B88D08A}.Debug|Any CPU.Build.0 = Debug|Any CPU
		{E51D1EA3-F4A7-4F27-A941-E16D2B88D08A}.PublicRelease|Any CPU.ActiveCfg = PublicRelease|Any CPU
		{E51D1EA3-F4A7-4F27-A941-E16D2B88D08A}.PublicRelease|Any CPU.Build.0 = PublicRelease|Any CPU
		{E51D1EA3-F4A7-4F27-A941-E16D2B88D08A}.Release|Any CPU.ActiveCfg = Release|Any CPU
		{E51D1EA3-F4A7-4F27-A941-E16D2B88D08A}.Release|Any CPU.Build.0 = Release|Any CPU
		{CF0425EE-79D7-40BB-A2C4-9640110E4D1A}.Debug|Any CPU.ActiveCfg = Debug|Any CPU
		{CF0425EE-79D7-40BB-A2C4-9640110E4D1A}.Debug|Any CPU.Build.0 = Debug|Any CPU
		{CF0425EE-79D7-40BB-A2C4-9640110E4D1A}.PublicRelease|Any CPU.ActiveCfg = PublicRelease|Any CPU
		{CF0425EE-79D7-40BB-A2C4-9640110E4D1A}.PublicRelease|Any CPU.Build.0 = PublicRelease|Any CPU
		{CF0425EE-79D7-40BB-A2C4-9640110E4D1A}.Release|Any CPU.ActiveCfg = Release|Any CPU
		{CF0425EE-79D7-40BB-A2C4-9640110E4D1A}.Release|Any CPU.Build.0 = Release|Any CPU
		{4670B9B4-1BA9-4CB2-BBFC-EC4EBEB40A42}.Debug|Any CPU.ActiveCfg = Debug|Any CPU
		{4670B9B4-1BA9-4CB2-BBFC-EC4EBEB40A42}.Debug|Any CPU.Build.0 = Debug|Any CPU
		{4670B9B4-1BA9-4CB2-BBFC-EC4EBEB40A42}.PublicRelease|Any CPU.ActiveCfg = PublicRelease|Any CPU
		{4670B9B4-1BA9-4CB2-BBFC-EC4EBEB40A42}.PublicRelease|Any CPU.Build.0 = PublicRelease|Any CPU
		{4670B9B4-1BA9-4CB2-BBFC-EC4EBEB40A42}.Release|Any CPU.ActiveCfg = Release|Any CPU
		{4670B9B4-1BA9-4CB2-BBFC-EC4EBEB40A42}.Release|Any CPU.Build.0 = Release|Any CPU
		{BDDB36ED-D15F-444F-86DA-C0CBC4E18237}.Debug|Any CPU.ActiveCfg = Debug|Any CPU
		{BDDB36ED-D15F-444F-86DA-C0CBC4E18237}.Debug|Any CPU.Build.0 = Debug|Any CPU
		{BDDB36ED-D15F-444F-86DA-C0CBC4E18237}.PublicRelease|Any CPU.ActiveCfg = PublicRelease|Any CPU
		{BDDB36ED-D15F-444F-86DA-C0CBC4E18237}.PublicRelease|Any CPU.Build.0 = PublicRelease|Any CPU
		{BDDB36ED-D15F-444F-86DA-C0CBC4E18237}.Release|Any CPU.ActiveCfg = Release|Any CPU
		{BDDB36ED-D15F-444F-86DA-C0CBC4E18237}.Release|Any CPU.Build.0 = Release|Any CPU
		{287D8F67-DD08-423F-AA60-C48D84140612}.Debug|Any CPU.ActiveCfg = Debug|Any CPU
		{287D8F67-DD08-423F-AA60-C48D84140612}.Debug|Any CPU.Build.0 = Debug|Any CPU
		{287D8F67-DD08-423F-AA60-C48D84140612}.PublicRelease|Any CPU.ActiveCfg = PublicRelease|Any CPU
		{287D8F67-DD08-423F-AA60-C48D84140612}.PublicRelease|Any CPU.Build.0 = PublicRelease|Any CPU
		{287D8F67-DD08-423F-AA60-C48D84140612}.Release|Any CPU.ActiveCfg = Release|Any CPU
		{287D8F67-DD08-423F-AA60-C48D84140612}.Release|Any CPU.Build.0 = Release|Any CPU
		{28C85A73-60C8-457D-8893-E683A0DC7E09}.Debug|Any CPU.ActiveCfg = Debug|Any CPU
		{28C85A73-60C8-457D-8893-E683A0DC7E09}.Debug|Any CPU.Build.0 = Debug|Any CPU
		{28C85A73-60C8-457D-8893-E683A0DC7E09}.PublicRelease|Any CPU.ActiveCfg = PublicRelease|Any CPU
		{28C85A73-60C8-457D-8893-E683A0DC7E09}.PublicRelease|Any CPU.Build.0 = PublicRelease|Any CPU
		{28C85A73-60C8-457D-8893-E683A0DC7E09}.Release|Any CPU.ActiveCfg = Release|Any CPU
		{28C85A73-60C8-457D-8893-E683A0DC7E09}.Release|Any CPU.Build.0 = Release|Any CPU
	EndGlobalSection
	GlobalSection(SolutionProperties) = preSolution
		HideSolutionNode = FALSE
	EndGlobalSection
	GlobalSection(ExtensibilityGlobals) = postSolution
		SolutionGuid = {4AEC4492-B8B5-48B7-B355-E4C6BD133459}
	EndGlobalSection
EndGlobal
